
Microsoft Visual Studio Solution File, Format Version 12.00
# Visual Studio Version 17
VisualStudioVersion = 17.1.32414.318
MinimumVisualStudioVersion = 10.0.40219.1
Project("{FAE04EC0-301F-11D3-BF4B-00C04F79EFBC}") = "Calendar", "Calendar\Calendar.csproj", "{5C3C5DD4-8641-4D38-B04D-0AF7863CDA4D}"
EndProject
Global
	GlobalSection(SolutionConfigurationPlatforms) = preSolution
		Debug|Any CPU = Debug|Any CPU
		Release|Any CPU = Release|Any CPU
	EndGlobalSection
	GlobalSection(ProjectConfigurationPlatforms) = postSolution
		{5C3C5DD4-8641-4D38-B04D-0AF7863CDA4D}.Debug|Any CPU.ActiveCfg = Debug|Any CPU
		{5C3C5DD4-8641-4D38-B04D-0AF7863CDA4D}.Debug|Any CPU.Build.0 = Debug|Any CPU
		{5C3C5DD4-8641-4D38-B04D-0AF7863CDA4D}.Release|Any CPU.ActiveCfg = Release|Any CPU
		{5C3C5DD4-8641-4D38-B04D-0AF7863CDA4D}.Release|Any CPU.Build.0 = Release|Any CPU
	EndGlobalSection
	GlobalSection(SolutionProperties) = preSolution
		HideSolutionNode = FALSE
	EndGlobalSection
	GlobalSection(ExtensibilityGlobals) = postSolution
		SolutionGuid = {F108483A-ADC7-488E-90A5-F599ACD49E21}
	EndGlobalSection
EndGlobal
